
Microsoft Visual Studio Solution File, Format Version 12.00
# Visual Studio Version 17
VisualStudioVersion = 17.14.36414.22 d17.14
MinimumVisualStudioVersion = 10.0.40219.1
Project("{FAE04EC0-301F-11D3-BF4B-00C04F79EFBC}") = "Smart Employee Management System", "Smart Employee Management System.csproj", "{FA91F261-314D-4362-8952-DE52723BF5CD}"
EndProject
Global
	GlobalSection(SolutionConfigurationPlatforms) = preSolution
		Debug|Any CPU = Debug|Any CPU
		Release|Any CPU = Release|Any CPU
	EndGlobalSection
	GlobalSection(ProjectConfigurationPlatforms) = postSolution
		{FA91F261-314D-4362-8952-DE52723BF5CD}.Debug|Any CPU.ActiveCfg = Debug|Any CPU
		{FA91F261-314D-4362-8952-DE52723BF5CD}.Debug|Any CPU.Build.0 = Debug|Any CPU
		{FA91F261-314D-4362-8952-DE52723BF5CD}.Release|Any CPU.ActiveCfg = Release|Any CPU
		{FA91F261-314D-4362-8952-DE52723BF5CD}.Release|Any CPU.Build.0 = Release|Any CPU
	EndGlobalSection
	GlobalSection(SolutionProperties) = preSolution
		HideSolutionNode = FALSE
	EndGlobalSection
	GlobalSection(ExtensibilityGlobals) = postSolution
		SolutionGuid = {BF851895-2371-4551-A60F-1D8E86F0D0DF}
	EndGlobalSection
EndGlobal
